
Microsoft Visual Studio Solution File, Format Version 12.00
# Visual Studio 14
VisualStudioVersion = 14.0.24720.0
MinimumVisualStudioVersion = 10.0.40219.1
Project("{FAE04EC0-301F-11D3-BF4B-00C04F79EFBC}") = "Zadanie1.1", "Zadanie1\Zadanie1.1.csproj", "{6FE9B1B1-383B-4BAA-9018-52B41B229F60}"
EndProject
Project("{FAE04EC0-301F-11D3-BF4B-00C04F79EFBC}") = "Zadanie2.1", "Zadanie2\Zadanie2.1.csproj", "{7D6F7E9E-1D81-4CCF-91EA-9609C01C4F9A}"
EndProject
Project("{FAE04EC0-301F-11D3-BF4B-00C04F79EFBC}") = "Zadanie3.1", "Zadanie3\Zadanie3.1.csproj", "{27A3CCBE-8E4E-44F4-8FEB-D572FEDB7C62}"
EndProject
Project("{FAE04EC0-301F-11D3-BF4B-00C04F79EFBC}") = "Zadanie2.3", "Zadanie2.3\Zadanie2.3.csproj", "{5C24A0B7-7ED3-4203-8C2A-E84402D90D7F}"
EndProject
Project("{FAE04EC0-301F-11D3-BF4B-00C04F79EFBC}") = "Zadanie1.2", "Zadanie1.2\Zadanie1.2.csproj", "{5FA85FD6-28D5-468A-A39D-602D63617C37}"
EndProject
Project("{FAE04EC0-301F-11D3-BF4B-00C04F79EFBC}") = "Zadanie1.3", "Zadanie1.3\Zadanie1.3.csproj", "{053E0875-745D-44E4-B9F3-C7177FDBE6EA}"
EndProject
Project("{FAE04EC0-301F-11D3-BF4B-00C04F79EFBC}") = "Zadanie1.5", "Zadanie1.5\Zadanie1.5.csproj", "{BC957F39-0177-4BCC-8866-62252A86856C}"
EndProject
Project("{FAE04EC0-301F-11D3-BF4B-00C04F79EFBC}") = "Zadanie2.4", "Zadanie2.4\Zadanie2.4.csproj", "{9D80BC01-50CE-49CB-84B4-33C5A0CF7057}"
EndProject
Project("{FAE04EC0-301F-11D3-BF4B-00C04F79EFBC}") = "Zadanie2.5", "Zadanie2.5\Zadanie2.5.csproj", "{2B4D29C0-7D81-4A20-A970-E795E339F7B5}"
EndProject
Project("{FAE04EC0-301F-11D3-BF4B-00C04F79EFBC}") = "Zadanie3.2", "Zadanie3.2\Zadanie3.2.csproj", "{D50486BF-56D7-44E4-A236-B1C4E850D158}"
EndProject
Project("{FAE04EC0-301F-11D3-BF4B-00C04F79EFBC}") = "Zadanie4.1", "Zad4.1\Zadanie4.1.csproj", "{32D2C099-BFBF-483C-BF58-FCD4EAEAA33D}"
EndProject
Project("{8BC9CEB8-8B4A-11D0-8D11-00A0C91BC942}") = "Zadanie8.1", "Zadanie8.1\Zadanie8.1.vcxproj", "{A935DBB0-FFBC-4321-8843-4CB390E7AF94}"
EndProject
Global
	GlobalSection(SolutionConfigurationPlatforms) = preSolution
		Debug|Any CPU = Debug|Any CPU
		Debug|x64 = Debug|x64
		Debug|x86 = Debug|x86
		Release|Any CPU = Release|Any CPU
		Release|x64 = Release|x64
		Release|x86 = Release|x86
	EndGlobalSection
	GlobalSection(ProjectConfigurationPlatforms) = postSolution
		{6FE9B1B1-383B-4BAA-9018-52B41B229F60}.Debug|Any CPU.ActiveCfg = Debug|Any CPU
		{6FE9B1B1-383B-4BAA-9018-52B41B229F60}.Debug|Any CPU.Build.0 = Debug|Any CPU
		{6FE9B1B1-383B-4BAA-9018-52B41B229F60}.Debug|x64.ActiveCfg = Debug|Any CPU
		{6FE9B1B1-383B-4BAA-9018-52B41B229F60}.Debug|x64.Build.0 = Debug|Any CPU
		{6FE9B1B1-383B-4BAA-9018-52B41B229F60}.Debug|x86.ActiveCfg = Debug|Any CPU
		{6FE9B1B1-383B-4BAA-9018-52B41B229F60}.Debug|x86.Build.0 = Debug|Any CPU
		{6FE9B1B1-383B-4BAA-9018-52B41B229F60}.Release|Any CPU.ActiveCfg = Release|Any CPU
		{6FE9B1B1-383B-4BAA-9018-52B41B229F60}.Release|Any CPU.Build.0 = Release|Any CPU
		{6FE9B1B1-383B-4BAA-9018-52B41B229F60}.Release|x64.ActiveCfg = Release|Any CPU
		{6FE9B1B1-383B-4BAA-9018-52B41B229F60}.Release|x64.Build.0 = Release|Any CPU
		{6FE9B1B1-383B-4BAA-9018-52B41B229F60}.Release|x86.ActiveCfg = Release|Any CPU
		{6FE9B1B1-383B-4BAA-9018-52B41B229F60}.Release|x86.Build.0 = Release|Any CPU
		{7D6F7E9E-1D81-4CCF-91EA-9609C01C4F9A}.Debug|Any CPU.ActiveCfg = Debug|Any CPU
		{7D6F7E9E-1D81-4CCF-91EA-9609C01C4F9A}.Debug|Any CPU.Build.0 = Debug|Any CPU
		{7D6F7E9E-1D81-4CCF-91EA-9609C01C4F9A}.Debug|x64.ActiveCfg = Debug|Any CPU
		{7D6F7E9E-1D81-4CCF-91EA-9609C01C4F9A}.Debug|x64.Build.0 = Debug|Any CPU
		{7D6F7E9E-1D81-4CCF-91EA-9609C01C4F9A}.Debug|x86.ActiveCfg = Debug|Any CPU
		{7D6F7E9E-1D81-4CCF-91EA-9609C01C4F9A}.Debug|x86.Build.0 = Debug|Any CPU
		{7D6F7E9E-1D81-4CCF-91EA-9609C01C4F9A}.Release|Any CPU.ActiveCfg = Release|Any CPU
		{7D6F7E9E-1D81-4CCF-91EA-9609C01C4F9A}.Release|Any CPU.Build.0 = Release|Any CPU
		{7D6F7E9E-1D81-4CCF-91EA-9609C01C4F9A}.Release|x64.ActiveCfg = Release|Any CPU
		{7D6F7E9E-1D81-4CCF-91EA-9609C01C4F9A}.Release|x64.Build.0 = Release|Any CPU
		{7D6F7E9E-1D81-4CCF-91EA-9609C01C4F9A}.Release|x86.ActiveCfg = Release|Any CPU
		{7D6F7E9E-1D81-4CCF-91EA-9609C01C4F9A}.Release|x86.Build.0 = Release|Any CPU
		{27A3CCBE-8E4E-44F4-8FEB-D572FEDB7C62}.Debug|Any CPU.ActiveCfg = Debug|Any CPU
		{27A3CCBE-8E4E-44F4-8FEB-D572FEDB7C62}.Debug|Any CPU.Build.0 = Debug|Any CPU
		{27A3CCBE-8E4E-44F4-8FEB-D572FEDB7C62}.Debug|x64.ActiveCfg = Debug|Any CPU
		{27A3CCBE-8E4E-44F4-8FEB-D572FEDB7C62}.Debug|x64.Build.0 = Debug|Any CPU
		{27A3CCBE-8E4E-44F4-8FEB-D572FEDB7C62}.Debug|x86.ActiveCfg = Debug|Any CPU
		{27A3CCBE-8E4E-44F4-8FEB-D572FEDB7C62}.Debug|x86.Build.0 = Debug|Any CPU
		{27A3CCBE-8E4E-44F4-8FEB-D572FEDB7C62}.Release|Any CPU.ActiveCfg = Release|Any CPU
		{27A3CCBE-8E4E-44F4-8FEB-D572FEDB7C62}.Release|Any CPU.Build.0 = Release|Any CPU
		{27A3CCBE-8E4E-44F4-8FEB-D572FEDB7C62}.Release|x64.ActiveCfg = Release|Any CPU
		{27A3CCBE-8E4E-44F4-8FEB-D572FEDB7C62}.Release|x64.Build.0 = Release|Any CPU
		{27A3CCBE-8E4E-44F4-8FEB-D572FEDB7C62}.Release|x86.ActiveCfg = Release|Any CPU
		{27A3CCBE-8E4E-44F4-8FEB-D572FEDB7C62}.Release|x86.Build.0 = Release|Any CPU
		{5C24A0B7-7ED3-4203-8C2A-E84402D90D7F}.Debug|Any CPU.ActiveCfg = Debug|Any CPU
		{5C24A0B7-7ED3-4203-8C2A-E84402D90D7F}.Debug|Any CPU.Build.0 = Debug|Any CPU
		{5C24A0B7-7ED3-4203-8C2A-E84402D90D7F}.Debug|x64.ActiveCfg = Debug|Any CPU
		{5C24A0B7-7ED3-4203-8C2A-E84402D90D7F}.Debug|x64.Build.0 = Debug|Any CPU
		{5C24A0B7-7ED3-4203-8C2A-E84402D90D7F}.Debug|x86.ActiveCfg = Debug|Any CPU
		{5C24A0B7-7ED3-4203-8C2A-E84402D90D7F}.Debug|x86.Build.0 = Debug|Any CPU
		{5C24A0B7-7ED3-4203-8C2A-E84402D90D7F}.Release|Any CPU.ActiveCfg = Release|Any CPU
		{5C24A0B7-7ED3-4203-8C2A-E84402D90D7F}.Release|Any CPU.Build.0 = Release|Any CPU
		{5C24A0B7-7ED3-4203-8C2A-E84402D90D7F}.Release|x64.ActiveCfg = Release|Any CPU
		{5C24A0B7-7ED3-4203-8C2A-E84402D90D7F}.Release|x64.Build.0 = Release|Any CPU
		{5C24A0B7-7ED3-4203-8C2A-E84402D90D7F}.Release|x86.ActiveCfg = Release|Any CPU
		{5C24A0B7-7ED3-4203-8C2A-E84402D90D7F}.Release|x86.Build.0 = Release|Any CPU
		{5FA85FD6-28D5-468A-A39D-602D63617C37}.Debug|Any CPU.ActiveCfg = Debug|Any CPU
		{5FA85FD6-28D5-468A-A39D-602D63617C37}.Debug|Any CPU.Build.0 = Debug|Any CPU
		{5FA85FD6-28D5-468A-A39D-602D63617C37}.Debug|x64.ActiveCfg = Debug|Any CPU
		{5FA85FD6-28D5-468A-A39D-602D63617C37}.Debug|x64.Build.0 = Debug|Any CPU
		{5FA85FD6-28D5-468A-A39D-602D63617C37}.Debug|x86.ActiveCfg = Debug|Any CPU
		{5FA85FD6-28D5-468A-A39D-602D63617C37}.Debug|x86.Build.0 = Debug|Any CPU
		{5FA85FD6-28D5-468A-A39D-602D63617C37}.Release|Any CPU.ActiveCfg = Release|Any CPU
		{5FA85FD6-28D5-468A-A39D-602D63617C37}.Release|Any CPU.Build.0 = Release|Any CPU
		{5FA85FD6-28D5-468A-A39D-602D63617C37}.Release|x64.ActiveCfg = Release|Any CPU
		{5FA85FD6-28D5-468A-A39D-602D63617C37}.Release|x64.Build.0 = Release|Any CPU
		{5FA85FD6-28D5-468A-A39D-602D63617C37}.Release|x86.ActiveCfg = Release|Any CPU
		{5FA85FD6-28D5-468A-A39D-602D63617C37}.Release|x86.Build.0 = Release|Any CPU
		{053E0875-745D-44E4-B9F3-C7177FDBE6EA}.Debug|Any CPU.ActiveCfg = Debug|Any CPU
		{053E0875-745D-44E4-B9F3-C7177FDBE6EA}.Debug|Any CPU.Build.0 = Debug|Any CPU
		{053E0875-745D-44E4-B9F3-C7177FDBE6EA}.Debug|x64.ActiveCfg = Debug|Any CPU
		{053E0875-745D-44E4-B9F3-C7177FDBE6EA}.Debug|x64.Build.0 = Debug|Any CPU
		{053E0875-745D-44E4-B9F3-C7177FDBE6EA}.Debug|x86.ActiveCfg = Debug|Any CPU
		{053E0875-745D-44E4-B9F3-C7177FDBE6EA}.Debug|x86.Build.0 = Debug|Any CPU
		{053E0875-745D-44E4-B9F3-C7177FDBE6EA}.Release|Any CPU.ActiveCfg = Release|Any CPU
		{053E0875-745D-44E4-B9F3-C7177FDBE6EA}.Release|Any CPU.Build.0 = Release|Any CPU
		{053E0875-745D-44E4-B9F3-C7177FDBE6EA}.Release|x64.ActiveCfg = Release|Any CPU
		{053E0875-745D-44E4-B9F3-C7177FDBE6EA}.Release|x64.Build.0 = Release|Any CPU
		{053E0875-745D-44E4-B9F3-C7177FDBE6EA}.Release|x86.ActiveCfg = Release|Any CPU
		{053E0875-745D-44E4-B9F3-C7177FDBE6EA}.Release|x86.Build.0 = Release|Any CPU
		{BC957F39-0177-4BCC-8866-62252A86856C}.Debug|Any CPU.ActiveCfg = Debug|Any CPU
		{BC957F39-0177-4BCC-8866-62252A86856C}.Debug|Any CPU.Build.0 = Debug|Any CPU
		{BC957F39-0177-4BCC-8866-62252A86856C}.Debug|x64.ActiveCfg = Debug|Any CPU
		{BC957F39-0177-4BCC-8866-62252A86856C}.Debug|x64.Build.0 = Debug|Any CPU
		{BC957F39-0177-4BCC-8866-62252A86856C}.Debug|x86.ActiveCfg = Debug|Any CPU
		{BC957F39-0177-4BCC-8866-62252A86856C}.Debug|x86.Build.0 = Debug|Any CPU
		{BC957F39-0177-4BCC-8866-62252A86856C}.Release|Any CPU.ActiveCfg = Release|Any CPU
		{BC957F39-0177-4BCC-8866-62252A86856C}.Release|Any CPU.Build.0 = Release|Any CPU
		{BC957F39-0177-4BCC-8866-62252A86856C}.Release|x64.ActiveCfg = Release|Any CPU
		{BC957F39-0177-4BCC-8866-62252A86856C}.Release|x64.Build.0 = Release|Any CPU
		{BC957F39-0177-4BCC-8866-62252A86856C}.Release|x86.ActiveCfg = Release|Any CPU
		{BC957F39-0177-4BCC-8866-62252A86856C}.Release|x86.Build.0 = Release|Any CPU
		{9D80BC01-50CE-49CB-84B4-33C5A0CF7057}.Debug|Any CPU.ActiveCfg = Debug|Any CPU
		{9D80BC01-50CE-49CB-84B4-33C5A0CF7057}.Debug|Any CPU.Build.0 = Debug|Any CPU
		{9D80BC01-50CE-49CB-84B4-33C5A0CF7057}.Debug|x64.ActiveCfg = Debug|Any CPU
		{9D80BC01-50CE-49CB-84B4-33C5A0CF7057}.Debug|x64.Build.0 = Debug|Any CPU
		{9D80BC01-50CE-49CB-84B4-33C5A0CF7057}.Debug|x86.ActiveCfg = Debug|Any CPU
		{9D80BC01-50CE-49CB-84B4-33C5A0CF7057}.Debug|x86.Build.0 = Debug|Any CPU
		{9D80BC01-50CE-49CB-84B4-33C5A0CF7057}.Release|Any CPU.ActiveCfg = Release|Any CPU
		{9D80BC01-50CE-49CB-84B4-33C5A0CF7057}.Release|Any CPU.Build.0 = Release|Any CPU
		{9D80BC01-50CE-49CB-84B4-33C5A0CF7057}.Release|x64.ActiveCfg = Release|Any CPU
		{9D80BC01-50CE-49CB-84B4-33C5A0CF7057}.Release|x64.Build.0 = Release|Any CPU
		{9D80BC01-50CE-49CB-84B4-33C5A0CF7057}.Release|x86.ActiveCfg = Release|Any CPU
		{9D80BC01-50CE-49CB-84B4-33C5A0CF7057}.Release|x86.Build.0 = Release|Any CPU
		{2B4D29C0-7D81-4A20-A970-E795E339F7B5}.Debug|Any CPU.ActiveCfg = Debug|Any CPU
		{2B4D29C0-7D81-4A20-A970-E795E339F7B5}.Debug|Any CPU.Build.0 = Debug|Any CPU
		{2B4D29C0-7D81-4A20-A970-E795E339F7B5}.Debug|x64.ActiveCfg = Debug|Any CPU
		{2B4D29C0-7D81-4A20-A970-E795E339F7B5}.Debug|x64.Build.0 = Debug|Any CPU
		{2B4D29C0-7D81-4A20-A970-E795E339F7B5}.Debug|x86.ActiveCfg = Debug|Any CPU
		{2B4D29C0-7D81-4A20-A970-E795E339F7B5}.Debug|x86.Build.0 = Debug|Any CPU
		{2B4D29C0-7D81-4A20-A970-E795E339F7B5}.Release|Any CPU.ActiveCfg = Release|Any CPU
		{2B4D29C0-7D81-4A20-A970-E795E339F7B5}.Release|Any CPU.Build.0 = Release|Any CPU
		{2B4D29C0-7D81-4A20-A970-E795E339F7B5}.Release|x64.ActiveCfg = Release|Any CPU
		{2B4D29C0-7D81-4A20-A970-E795E339F7B5}.Release|x64.Build.0 = Release|Any CPU
		{2B4D29C0-7D81-4A20-A970-E795E339F7B5}.Release|x86.ActiveCfg = Release|Any CPU
		{2B4D29C0-7D81-4A20-A970-E795E339F7B5}.Release|x86.Build.0 = Release|Any CPU
		{D50486BF-56D7-44E4-A236-B1C4E850D158}.Debug|Any CPU.ActiveCfg = Debug|Any CPU
		{D50486BF-56D7-44E4-A236-B1C4E850D158}.Debug|Any CPU.Build.0 = Debug|Any CPU
		{D50486BF-56D7-44E4-A236-B1C4E850D158}.Debug|x64.ActiveCfg = Debug|Any CPU
		{D50486BF-56D7-44E4-A236-B1C4E850D158}.Debug|x64.Build.0 = Debug|Any CPU
		{D50486BF-56D7-44E4-A236-B1C4E850D158}.Debug|x86.ActiveCfg = Debug|Any CPU
		{D50486BF-56D7-44E4-A236-B1C4E850D158}.Debug|x86.Build.0 = Debug|Any CPU
		{D50486BF-56D7-44E4-A236-B1C4E850D158}.Release|Any CPU.ActiveCfg = Release|Any CPU
		{D50486BF-56D7-44E4-A236-B1C4E850D158}.Release|Any CPU.Build.0 = Release|Any CPU
		{D50486BF-56D7-44E4-A236-B1C4E850D158}.Release|x64.ActiveCfg = Release|Any CPU
		{D50486BF-56D7-44E4-A236-B1C4E850D158}.Release|x64.Build.0 = Release|Any CPU
		{D50486BF-56D7-44E4-A236-B1C4E850D158}.Release|x86.ActiveCfg = Release|Any CPU
		{D50486BF-56D7-44E4-A236-B1C4E850D158}.Release|x86.Build.0 = Release|Any CPU
		{32D2C099-BFBF-483C-BF58-FCD4EAEAA33D}.Debug|Any CPU.ActiveCfg = Debug|Any CPU
		{32D2C099-BFBF-483C-BF58-FCD4EAEAA33D}.Debug|Any CPU.Build.0 = Debug|Any CPU
		{32D2C099-BFBF-483C-BF58-FCD4EAEAA33D}.Debug|x64.ActiveCfg = Debug|Any CPU
		{32D2C099-BFBF-483C-BF58-FCD4EAEAA33D}.Debug|x64.Build.0 = Debug|Any CPU
		{32D2C099-BFBF-483C-BF58-FCD4EAEAA33D}.Debug|x86.ActiveCfg = Debug|Any CPU
		{32D2C099-BFBF-483C-BF58-FCD4EAEAA33D}.Debug|x86.Build.0 = Debug|Any CPU
		{32D2C099-BFBF-483C-BF58-FCD4EAEAA33D}.Release|Any CPU.ActiveCfg = Release|Any CPU
		{32D2C099-BFBF-483C-BF58-FCD4EAEAA33D}.Release|Any CPU.Build.0 = Release|Any CPU
		{32D2C099-BFBF-483C-BF58-FCD4EAEAA33D}.Release|x64.ActiveCfg = Release|Any CPU
		{32D2C099-BFBF-483C-BF58-FCD4EAEAA33D}.Release|x64.Build.0 = Release|Any CPU
		{32D2C099-BFBF-483C-BF58-FCD4EAEAA33D}.Release|x86.ActiveCfg = Release|Any CPU
		{32D2C099-BFBF-483C-BF58-FCD4EAEAA33D}.Release|x86.Build.0 = Release|Any CPU
		{A935DBB0-FFBC-4321-8843-4CB390E7AF94}.Debug|Any CPU.ActiveCfg = Debug|Win32
		{A935DBB0-FFBC-4321-8843-4CB390E7AF94}.Debug|x64.ActiveCfg = Debug|x64
		{A935DBB0-FFBC-4321-8843-4CB390E7AF94}.Debug|x64.Build.0 = Debug|x64
		{A935DBB0-FFBC-4321-8843-4CB390E7AF94}.Debug|x86.ActiveCfg = Debug|Win32
		{A935DBB0-FFBC-4321-8843-4CB390E7AF94}.Debug|x86.Build.0 = Debug|Win32
		{A935DBB0-FFBC-4321-8843-4CB390E7AF94}.Release|Any CPU.ActiveCfg = Release|Win32
		{A935DBB0-FFBC-4321-8843-4CB390E7AF94}.Release|x64.ActiveCfg = Release|x64
		{A935DBB0-FFBC-4321-8843-4CB390E7AF94}.Release|x64.Build.0 = Release|x64
		{A935DBB0-FFBC-4321-8843-4CB390E7AF94}.Release|x86.ActiveCfg = Release|Win32
		{A935DBB0-FFBC-4321-8843-4CB390E7AF94}.Release|x86.Build.0 = Release|Win32
	EndGlobalSection
	GlobalSection(SolutionProperties) = preSolution
		HideSolutionNode = FALSE
	EndGlobalSection
EndGlobal
